dependencies:
- name: http-header-injector
  repository: https://helm.stackstate.io
  version: 0.0.22
- name: kubernetes-rbac-agent
  repository: https://helm.stackstate.io
  version: 0.0.23
digest: sha256:9f0693253927df45a08496bfa3d6cddeb0301da3c45b8ced171fa909cf14a8d7
generated: "2026-02-03T15:19:17.599047415+01:00"
