dependencies:
- name: dex
  repository: https://charts.dexidp.io
  version: 0.14.1
- name: minio
  repository: https://charts.min.io/
  version: 5.0.7
- name: kubed
  repository: https://charts.appscode.com/stable/
  version: v0.13.2
- name: s3gw
  repository: https://aquarist-labs.github.io/s3gw-charts
  version: 0.14.0
digest: sha256:52f235f7f742300736558aa6aec231740a4e9288acb35797488064f69b5eae7a
generated: "2023-04-07T14:09:28.499174341Z"
