dependencies:
- name: zookeeper
  repository: file://../zookeeper
  version: 0.0.1
- name: hadoop
  repository: file://../hadoop
  version: 0.0.1
- name: hbase
  repository: file://../hbase
  version: 0.0.1
- name: jvmprofiler
  repository: file://../jvmprofiler
  version: 0.0.1
- name: mlmanager
  repository: file://../mlmanager
  version: 0.0.1
- name: jupyterhub
  repository: file://../jupyterhub
  version: 0.8.2
- name: rbac
  repository: file://../rbac
  version: 0.0.1
- name: kafka
  repository: file://../kafka
  version: 0.0.1
- name: haproxy-controller
  repository: file://../haproxy-controller
  version: 0.0.1
- name: nginx-ingress
  repository: file://../nginx-ingress
  version: 1.23.0-splice.9
- name: tls-secret
  repository: file://../tls-secret
  version: 0.0.1
- name: rbac-operator
  repository: file://../rbac-operator
  version: 0.0.1
digest: sha256:2c0f8154610695f9637da07c89211515b51055c921afedd71255577b12376647
generated: "2020-08-27T10:45:52.316222-05:00"
