dependencies:
- name: dex
  repository: https://charts.dexidp.io
  version: 0.12.1
- name: minio
  repository: https://charts.min.io/
  version: 5.0.1
- name: kubed
  repository: https://charts.appscode.com/stable/
  version: v0.13.2
- name: epinio-ui
  repository: https://epinio.github.io/helm-charts
  version: 1.5.3
digest: sha256:76d3bd8b03799fd0c4eae8218e34b95c1866eb58a1a4a69ffc8d65dcc59e6022
generated: "2022-11-30T14:46:21.570668778Z"
