dependencies:
- name: dex
  repository: https://charts.dexidp.io
  version: 0.15.2
- name: minio
  repository: https://charts.min.io/
  version: 5.0.13
- name: kubed
  repository: https://charts.appscode.com/stable/
  version: v0.13.2
- name: s3gw
  repository: https://aquarist-labs.github.io/s3gw-charts
  version: 0.14.0
digest: sha256:7b80527ba85ac4c5a5eaf9c69bc9802b3d70fba4ac64fe6677db13778e7909c3
generated: "2023-07-25T10:32:27.725169768+02:00"
