dependencies:
- name: dex
  repository: https://charts.dexidp.io
  version: 0.12.1
- name: minio
  repository: https://charts.min.io/
  version: 5.0.4
- name: kubed
  repository: https://charts.appscode.com/stable/
  version: v0.13.2
- name: epinio-ui
  repository: https://epinio.github.io/helm-charts
  version: 1.5.3
digest: sha256:edaf7fec6b9567423ca0175493c21a542afe293e3a48d853acf9eb0b3d36024a
generated: "2023-01-12T09:59:16.775081808+01:00"
