dependencies:
- name: kube-state-metrics
  repository: https://kubernetes-charts.storage.googleapis.com/
  version: 2.8.14
- name: prometheus-node-exporter
  repository: https://prometheus-community.github.io/helm-charts
  version: 1.11.2
- name: grafana
  repository: https://grafana.github.io/helm-charts
  version: 5.6.4
- name: prometheus-adapter
  repository: https://kubernetes-charts.storage.googleapis.com/
  version: 2.4.0
- name: rancher-pushprox
  repository: file://../../rancher-pushprox/charts
  version: 0.1.1
- name: rancher-pushprox
  repository: file://../../rancher-pushprox/charts
  version: 0.1.1
- name: rancher-pushprox
  repository: file://../../rancher-pushprox/charts
  version: 0.1.1
- name: rancher-pushprox
  repository: file://../../rancher-pushprox/charts
  version: 0.1.1
- name: rancher-pushprox
  repository: file://../../rancher-pushprox/charts
  version: 0.1.1
- name: rancher-pushprox
  repository: file://../../rancher-pushprox/charts
  version: 0.1.1
- name: rancher-pushprox
  repository: file://../../rancher-pushprox/charts
  version: 0.1.1
- name: rancher-pushprox
  repository: file://../../rancher-pushprox/charts
  version: 0.1.1
- name: rancher-pushprox
  repository: file://../../rancher-pushprox/charts
  version: 0.1.1
- name: rancher-pushprox
  repository: file://../../rancher-pushprox/charts
  version: 0.1.1
- name: rancher-pushprox
  repository: file://../../rancher-pushprox/charts
  version: 0.1.1
- name: rancher-pushprox
  repository: file://../../rancher-pushprox/charts
  version: 0.1.1
- name: rancher-pushprox
  repository: file://../../rancher-pushprox/charts
  version: 0.1.1
digest: sha256:90a85a9a509395cba1abe15aec8f6f15157edd7ad61efef42e37112ec39e79a3
generated: "2020-11-10T00:01:59.789855159Z"
