dependencies:
- name: kube-state-metrics
  repository: https://kubernetes-charts.storage.googleapis.com/
  version: 2.8.14
- name: prometheus-node-exporter
  repository: https://prometheus-community.github.io/helm-charts
  version: 1.11.2
- name: grafana
  repository: https://grafana.github.io/helm-charts
  version: 5.6.4
- name: prometheus-adapter
  repository: https://kubernetes-charts.storage.googleapis.com/
  version: 2.4.0
- name: rancher-pushprox
  repository: file://../../rancher-pushprox/charts
  version: 0.1.0
- name: rancher-pushprox
  repository: file://../../rancher-pushprox/charts
  version: 0.1.0
- name: rancher-pushprox
  repository: file://../../rancher-pushprox/charts
  version: 0.1.0
- name: rancher-pushprox
  repository: file://../../rancher-pushprox/charts
  version: 0.1.0
- name: rancher-pushprox
  repository: file://../../rancher-pushprox/charts
  version: 0.1.0
- name: rancher-pushprox
  repository: file://../../rancher-pushprox/charts
  version: 0.1.0
- name: rancher-pushprox
  repository: file://../../rancher-pushprox/charts
  version: 0.1.0
- name: rancher-pushprox
  repository: file://../../rancher-pushprox/charts
  version: 0.1.0
- name: rancher-pushprox
  repository: file://../../rancher-pushprox/charts
  version: 0.1.0
- name: rancher-pushprox
  repository: file://../../rancher-pushprox/charts
  version: 0.1.0
- name: rancher-pushprox
  repository: file://../../rancher-pushprox/charts
  version: 0.1.0
- name: rancher-pushprox
  repository: file://../../rancher-pushprox/charts
  version: 0.1.0
- name: rancher-pushprox
  repository: file://../../rancher-pushprox/charts
  version: 0.1.0
digest: sha256:21dc63dd1d103fd4fa6635d30bed619330c312a54ab9da35f14963b12d1aff08
generated: "2020-10-15T22:23:34.548584632Z"
