dependencies:
- name: minio
  repository: https://charts.min.io/
  version: 4.0.2
- name: kubed
  repository: https://charts.appscode.com/stable/
  version: v0.13.2
- name: epinio-ui
  repository: https://epinio.github.io/helm-charts
  version: 1.2.0
digest: sha256:5782bee786e4be54286825708ae7c37295da422a8d2844878bd96821eb652fce
generated: "2022-09-02T14:17:31.205286037Z"
