dependencies:
- name: zookeeper
  repository: file://../zookeeper
  version: 0.0.1
- name: hadoop
  repository: file://../hadoop
  version: 0.0.1
- name: hbase
  repository: file://../hbase
  version: 0.0.1
- name: jvmprofiler
  repository: file://../jvmprofiler
  version: 0.0.1
- name: mlmanager
  repository: file://../mlmanager
  version: 0.0.1
- name: jupyterhub
  repository: file://../jupyterhub
  version: 0.8.2
- name: rbac
  repository: file://../rbac
  version: 0.0.1
- name: kafka
  repository: file://../kafka
  version: 0.0.1
- name: haproxy-controller
  repository: file://../haproxy-controller
  version: 0.0.1
- name: nginx-ingress
  repository: file://../nginx-ingress
  version: 1.23.0-splice.9
- name: tls-secret
  repository: file://../tls-secret
  version: 0.0.1
- name: rbac-operator
  repository: file://../rbac-operator
  version: 0.0.1
digest: sha256:ede9ed015ed0d62bd37fe76f7f315166331430ae7f3892cd1b7166a81162fbb3
generated: "2020-07-07T07:56:59.291531-05:00"
