dependencies:
- name: rancher-kiali-server
  repository: file://../../rancher-kiali-server/charts
  version: 1.24.0
- name: rancher-tracing
  repository: file://../../rancher-tracing/charts
  version: 1.20.001
digest: sha256:92116a2b3454607da3ef18e994de75a2b75db56c4dfc8baf9b76e839d007b1cc
generated: "2021-01-07T05:24:11.644300126Z"
