dependencies:
- name: dex
  repository: https://charts.dexidp.io
  version: 0.14.3
- name: minio
  repository: https://charts.min.io/
  version: 5.0.13
- name: kubed
  repository: https://charts.appscode.com/stable/
  version: v0.13.2
- name: s3gw
  repository: https://aquarist-labs.github.io/s3gw-charts
  version: 0.14.0
digest: sha256:bb126710c2f9a5b3d92dcb6186b97747881fd323fbfe0a53cda5194dc9f1000d
generated: "2023-07-18T14:35:31.781489759+02:00"
