dependencies:
- name: http-header-injector
  repository: https://helm.stackstate.io
  version: 0.0.21
- name: kubernetes-rbac-agent
  repository: https://helm.stackstate.io
  version: 0.0.20
digest: sha256:fb1b94c6dfdd8f3208619174bd27ea4b887d5c339138ca60e2fb6d500a82e372
generated: "2025-11-26T17:11:59.710975521+01:00"
