dependencies:
- name: http-header-injector
  repository: https://helm.stackstate.io
  version: 0.0.16
- name: kubernetes-rbac-agent
  repository: https://helm.stackstate.io
  version: 0.0.20
digest: sha256:1e2d7471665719d32de12cd84a39cf5787b197ce90a30115418901370f558d95
generated: "2025-09-18T14:28:37.548435025+02:00"
